{
  "name": "tab-to-gp-scripts",
  "lockfileVersion": 3,
  "requires": true,
  "packages": {
    "": {
      "name": "tab-to-gp-scripts",
      "dependencies": {
        "@coderline/alphaskia": "^3.5.147",
        "@coderline/alphaskia-macos": "^3.5.147",
        "@coderline/alphatab": "^1.8.4"
      }
    },
    "node_modules/@coderline/alphaskia": {
      "version": "3.5.147",
      "resolved": "https://registry.npmjs.org/@coderline/alphaskia/-/alphaskia-3.5.147.tgz",
      "integrity": "sha512-9RDWV6cralGAvKFU/aozCPAverWcBTQJHpUh6Y7gBlggEwsVjorIp3tuzVCDfV+SqkSMsJtZOiJ9R2CdJKJIVw==",
      "license": "BSD-3-Clause",
      "engines": {
        "node": ">=18.0.0"
      },
      "optionalDependencies": {
        "@coderline/alphaskia-linux": "^3.0.0",
        "@coderline/alphaskia-macos": "^3.0.0",
        "@coderline/alphaskia-windows": "^3.0.0"
      }
    },
    "node_modules/@coderline/alphaskia-linux": {
      "version": "3.5.147",
      "resolved": "https://registry.npmjs.org/@coderline/alphaskia-linux/-/alphaskia-linux-3.5.147.tgz",
      "integrity": "sha512-6PoaTdAedZDsfH8JbVEH1PkxeSgQ2hNRWY5cz32QgzknOC7uXBjBD2PP3zAr3bfFj58E+mwo5R9flQtVvYv5Pg==",
      "license": "BSD-3-Clause",
      "optional": true,
      "engines": {
        "node": ">=18.0.0"
      }
    },
    "node_modules/@coderline/alphaskia-macos": {
      "version": "3.5.147",
      "resolved": "https://registry.npmjs.org/@coderline/alphaskia-macos/-/alphaskia-macos-3.5.147.tgz",
      "integrity": "sha512-J4GQ9JZmfMnu302ouGBgvBV50AAcGwIvRSYN3awiwMh96aC+0VQZjNISxnohtUzmrotupK22L+pYVUI6YijBGA==",
      "license": "BSD-3-Clause",
      "engines": {
        "node": ">=18.0.0"
      }
    },
    "node_modules/@coderline/alphaskia-windows": {
      "version": "3.5.147",
      "resolved": "https://registry.npmjs.org/@coderline/alphaskia-windows/-/alphaskia-windows-3.5.147.tgz",
      "integrity": "sha512-T8G4oE2bacNuI1mDoR6l7pXpbrR4ww2tdPlshrm/8En//Y4kY0EbDRP3Vd9qr3E8HP1Zy8peMXoE0e7Rt3c4Mg==",
      "license": "BSD-3-Clause",
      "optional": true,
      "engines": {
        "node": ">=18.0.0"
      }
    },
    "node_modules/@coderline/alphatab": {
      "version": "1.8.4",
      "resolved": "https://registry.npmjs.org/@coderline/alphatab/-/alphatab-1.8.4.tgz",
      "integrity": "sha512-VN5rfTZZWgA63Ny1aDKCp02k3Qm9CHhg4Q9AnK0kHm7G+fNDNZo36TeToPDFoJ6VpB9+AHcCrHwHFUP1tKqdsw==",
      "license": "MPL-2.0",
      "engines": {
        "node": ">=6.0.0"
      }
    }
  }
}
